// !$*UTF8*$!
{
	archiveVersion = 1;
	classes = {
	};
	objectVersion = 48;
	objects = {

/* Begin PBXBuildFile section */
		4C2A47FE209552A300327E0A /* OperationQueue.swift in Sources */ = {isa = PBXBuildFile; fileRef = 4C2A47FD209552A300327E0A /* OperationQueue.swift */; };
		4C4BBEE41F71F485001EE351 /* AppDelegate.swift in Sources */ = {isa = PBXBuildFile; fileRef = 4C4BBEE31F71F485001EE351 /* AppDelegate.swift */; };
		4C4BBEE61F71F485001EE351 /* ViewController.swift in Sources */ = {isa = PBXBuildFile; fileRef = 4C4BBEE51F71F485001EE351 /* ViewController.swift */; };
		4C4BBEE91F71F485001EE351 /* Main.storyboard in Resources */ = {isa = PBXBuildFile; fileRef = 4C4BBEE71F71F485001EE351 /* Main.storyboard */; };
		4C4BBEEB1F71F485001EE351 /* Assets.xcassets in Resources */ = {isa = PBXBuildFile; fileRef = 4C4BBEEA1F71F485001EE351 /* Assets.xcassets */; };
		4C4BBEEE1F71F485001EE351 /* LaunchScreen.storyboard in Resources */ = {isa = PBXBuildFile; fileRef = 4C4BBEEC1F71F485001EE351 /* LaunchScreen.storyboard */; };
		6C44390847EA4C6B539171A8 /* Pods_XcodeNew.framework in Frameworks */ = {isa = PBXBuildFile; fileRef = ED332A285189B8B3E1ED0A35 /* Pods_XcodeNew.framework */; };
/* End PBXBuildFile section */

/* Begin PBXFileReference section */
		0D87B345C0A46C67908688FF /* Pods-XcodeNew.debug.xcconfig */ = {isa = PBXFileReference; includeInIndex = 1; lastKnownFileType = text.xcconfig; name = "Pods-XcodeNew.debug.xcconfig"; path = "Pods/Target Support Files/Pods-XcodeNew/Pods-XcodeNew.debug.xcconfig"; sourceTree = "<group>"; };
		45BD7E08759385165AD3066C /* Pods-XcodeNew.release.xcconfig */ = {isa = PBXFileReference; includeInIndex = 1; lastKnownFileType = text.xcconfig; name = "Pods-XcodeNew.release.xcconfig"; path = "Pods/Target Support Files/Pods-XcodeNew/Pods-XcodeNew.release.xcconfig"; sourceTree = "<group>"; };
		4C2A47FD209552A300327E0A /* OperationQueue.swift */ = {isa = PBXFileReference; lastKnownFileType = sourcecode.swift; path = OperationQueue.swift; sourceTree = "<group>"; };
		4C4BBEE01F71F485001EE351 /* XcodeNew.app */ = {isa = PBXFileReference; explicitFileType = wrapper.application; includeInIndex = 0; path = XcodeNew.app; sourceTree = BUILT_PRODUCTS_DIR; };
		4C4BBEE31F71F485001EE351 /* AppDelegate.swift */ = {isa = PBXFileReference; lastKnownFileType = sourcecode.swift; path = AppDelegate.swift; sourceTree = "<group>"; };
		4C4BBEE51F71F485001EE351 /* ViewController.swift */ = {isa = PBXFileReference; lastKnownFileType = sourcecode.swift; path = ViewController.swift; sourceTree = "<group>"; };
		4C4BBEE81F71F485001EE351 /* Base */ = {isa = PBXFileReference; lastKnownFileType = file.storyboard; name = Base; path = Base.lproj/Main.storyboard; sourceTree = "<group>"; };
		4C4BBEEA1F71F485001EE351 /* Assets.xcassets */ = {isa = PBXFileReference; lastKnownFileType = folder.assetcatalog; path = Assets.xcassets; sourceTree = "<group>"; };
		4C4BBEED1F71F485001EE351 /* Base */ = {isa = PBXFileReference; lastKnownFileType = file.storyboard; name = Base; path = Base.lproj/LaunchScreen.storyboard; sourceTree = "<group>"; };
		4C4BBEEF1F71F485001EE351 /* Info.plist */ = {isa = PBXFileReference; lastKnownFileType = text.plist.xml; path = Info.plist; sourceTree = "<group>"; };
		ED332A285189B8B3E1ED0A35 /* Pods_XcodeNew.framework */ = {isa = PBXFileReference; explicitFileType = wrapper.framework; includeInIndex = 0; path = Pods_XcodeNew.framework; sourceTree = BUILT_PRODUCTS_DIR; };
/* End PBXFileReference section */

/* Begin PBXFrameworksBuildPhase section */
		4C4BBEDD1F71F485001EE351 /* Frameworks */ = {
			isa = PBXFrameworksBuildPhase;
			buildActionMask = 2147483647;
			files = (
				6C44390847EA4C6B539171A8 /* Pods_XcodeNew.framework in Frameworks */,
			);
			runOnlyForDeploymentPostprocessing = 0;
		};
/* End PBXFrameworksBuildPhase section */

/* Begin PBXGroup section */
		14CAF49C771ECFCE49EADB54 /* Frameworks */ = {
			isa = PBXGroup;
			children = (
				ED332A285189B8B3E1ED0A35 /* Pods_XcodeNew.framework */,
			);
			name = Frameworks;
			sourceTree = "<group>";
		};
		4C4BBED71F71F485001EE351 = {
			isa = PBXGroup;
			children = (
				4C4BBEE21F71F485001EE351 /* XcodeNew */,
				4C4BBEE11F71F485001EE351 /* Products */,
				75657CC8F958F8C12F8353DA /* Pods */,
				14CAF49C771ECFCE49EADB54 /* Frameworks */,
			);
			sourceTree = "<group>";
		};
		4C4BBEE11F71F485001EE351 /* Products */ = {
			isa = PBXGroup;
			children = (
				4C4BBEE01F71F485001EE351 /* XcodeNew.app */,
			);
			name = Products;
			sourceTree = "<group>";
		};
		4C4BBEE21F71F485001EE351 /* XcodeNew */ = {
			isa = PBXGroup;
			children = (
				4C4BBEF51F71F8A7001EE351 /* ViewController */,
				4C4BBEE31F71F485001EE351 /* AppDelegate.swift */,
				4C4BBEE71F71F485001EE351 /* Main.storyboard */,
				4C4BBEEA1F71F485001EE351 /* Assets.xcassets */,
				4C4BBEEC1F71F485001EE351 /* LaunchScreen.storyboard */,
				4C4BBEEF1F71F485001EE351 /* Info.plist */,
			);
			path = XcodeNew;
			sourceTree = "<group>";
		};
		4C4BBEF51F71F8A7001EE351 /* ViewController */ = {
			isa = PBXGroup;
			children = (
				4C4BBEE51F71F485001EE351 /* ViewController.swift */,
				4C2A47FD209552A300327E0A /* OperationQueue.swift */,
			);
			path = ViewController;
			sourceTree = "<group>";
		};
		75657CC8F958F8C12F8353DA /* Pods */ = {
			isa = PBXGroup;
			children = (
				0D87B345C0A46C67908688FF /* Pods-XcodeNew.debug.xcconfig */,
				45BD7E08759385165AD3066C /* Pods-XcodeNew.release.xcconfig */,
			);
			name = Pods;
			sourceTree = "<group>";
		};
/* End PBXGroup section */

/* Begin PBXNativeTarget section */
		4C4BBEDF1F71F485001EE351 /* XcodeNew */ = {
			isa = PBXNativeTarget;
			buildConfigurationList = 4C4BBEF21F71F485001EE351 /* Build configuration list for PBXNativeTarget "XcodeNew" */;
			buildPhases = (
				536B497D852AF9F0DA17A0E6 /* [CP] Check Pods Manifest.lock */,
				4C4BBEDC1F71F485001EE351 /* Sources */,
				4C4BBEDD1F71F485001EE351 /* Frameworks */,
				4C4BBEDE1F71F485001EE351 /* Resources */,
				65E8EBFE68DCDA739C3BC014 /* [CP] Embed Pods Frameworks */,
				FA9DE9BA2A8A712654A43CDB /* [CP] Copy Pods Resources */,
			);
			buildRules = (
			);
			dependencies = (
			);
			name = XcodeNew;
			productName = XcodeNew;
			productReference = 4C4BBEE01F71F485001EE351 /* XcodeNew.app */;
			productType = "com.apple.product-type.application";
		};
/* End PBXNativeTarget section */

/* Begin PBXProject section */
		4C4BBED81F71F485001EE351 /* Project object */ = {
			isa = PBXProject;
			attributes = {
				LastSwiftUpdateCheck = 0900;
				LastUpgradeCheck = 0900;
				ORGANIZATIONNAME = NetworkingThuc;
				TargetAttributes = {
					4C4BBEDF1F71F485001EE351 = {
						CreatedOnToolsVersion = 9.0;
						ProvisioningStyle = Automatic;
					};
				};
			};
			buildConfigurationList = 4C4BBEDB1F71F485001EE351 /* Build configuration list for PBXProject "XcodeNew" */;
			compatibilityVersion = "Xcode 8.0";
			developmentRegion = en;
			hasScannedForEncodings = 0;
			knownRegions = (
				en,
				Base,
			);
			mainGroup = 4C4BBED71F71F485001EE351;
			productRefGroup = 4C4BBEE11F71F485001EE351 /* Products */;
			projectDirPath = "";
			projectRoot = "";
			targets = (
				4C4BBEDF1F71F485001EE351 /* XcodeNew */,
			);
		};
/* End PBXProject section */

/* Begin PBXResourcesBuildPhase section */
		4C4BBEDE1F71F485001EE351 /* Resources */ = {
			isa = PBXResourcesBuildPhase;
			buildActionMask = 2147483647;
			files = (
				4C4BBEEE1F71F485001EE351 /* LaunchScreen.storyboard in Resources */,
				4C4BBEEB1F71F485001EE351 /* Assets.xcassets in Resources */,
				4C4BBEE91F71F485001EE351 /* Main.storyboard in Resources */,
			);
			runOnlyForDeploymentPostprocessing = 0;
		};
/* End PBXResourcesBuildPhase section */

/* Begin PBXShellScriptBuildPhase section */
		536B497D852AF9F0DA17A0E6 /* [CP] Check Pods Manifest.lock */ = {
			isa = PBXShellScriptBuildPhase;
			buildActionMask = 2147483647;
			files = (
			);
			inputPaths = (
				"${PODS_PODFILE_DIR_PATH}/Podfile.lock",
				"${PODS_ROOT}/Manifest.lock",
			);
			name = "[CP] Check Pods Manifest.lock";
			outputPaths = (
				"$(DERIVED_FILE_DIR)/Pods-XcodeNew-checkManifestLockResult.txt",
			);
			runOnlyForDeploymentPostprocessing = 0;
			shellPath = /bin/sh;
			shellScript = "diff \"${PODS_PODFILE_DIR_PATH}/Podfile.lock\" \"${PODS_ROOT}/Manifest.lock\" > /dev/null\nif [ $? != 0 ] ; then\n    # print error to STDERR\n    echo \"error: The sandbox is not in sync with the Podfile.lock. Run 'pod install' or update your CocoaPods installation.\" >&2\n    exit 1\nfi\n# This output is used by Xcode 'outputs' to avoid re-running this script phase.\necho \"SUCCESS\" > \"${SCRIPT_OUTPUT_FILE_0}\"\n";
			showEnvVarsInLog = 0;
		};
		65E8EBFE68DCDA739C3BC014 /* [CP] Embed Pods Frameworks */ = {
			isa = PBXShellScriptBuildPhase;
			buildActionMask = 2147483647;
			files = (
			);
			inputPaths = (
				"${SRCROOT}/Pods/Target Support Files/Pods-XcodeNew/Pods-XcodeNew-frameworks.sh",
				"${BUILT_PRODUCTS_DIR}/Alamofire/Alamofire.framework",
			);
			name = "[CP] Embed Pods Frameworks";
			outputPaths = (
				"${TARGET_BUILD_DIR}/${FRAMEWORKS_FOLDER_PATH}/Alamofire.framework",
			);
			runOnlyForDeploymentPostprocessing = 0;
			shellPath = /bin/sh;
			shellScript = "\"${SRCROOT}/Pods/Target Support Files/Pods-XcodeNew/Pods-XcodeNew-frameworks.sh\"\n";
			showEnvVarsInLog = 0;
		};
		FA9DE9BA2A8A712654A43CDB /* [CP] Copy Pods Resources */ = {
			isa = PBXShellScriptBuildPhase;
			buildActionMask = 2147483647;
			files = (
			);
			inputPaths = (
			);
			name = "[CP] Copy Pods Resources";
			outputPaths = (
			);
			runOnlyForDeploymentPostprocessing = 0;
			shellPath = /bin/sh;
			shellScript = "\"${SRCROOT}/Pods/Target Support Files/Pods-XcodeNew/Pods-XcodeNew-resources.sh\"\n";
			showEnvVarsInLog = 0;
		};
/* End PBXShellScriptBuildPhase section */

/* Begin PBXSourcesBuildPhase section */
		4C4BBEDC1F71F485001EE351 /* Sources */ = {
			isa = PBXSourcesBuildPhase;
			buildActionMask = 2147483647;
			files = (
				4C4BBEE61F71F485001EE351 /* ViewController.swift in Sources */,
				4C2A47FE209552A300327E0A /* OperationQueue.swift in Sources */,
				4C4BBEE41F71F485001EE351 /* AppDelegate.swift in Sources */,
			);
			runOnlyForDeploymentPostprocessing = 0;
		};
/* End PBXSourcesBuildPhase section */

/* Begin PBXVariantGroup section */
		4C4BBEE71F71F485001EE351 /* Main.storyboard */ = {
			isa = PBXVariantGroup;
			children = (
				4C4BBEE81F71F485001EE351 /* Base */,
			);
			name = Main.storyboard;
			sourceTree = "<group>";
		};
		4C4BBEEC1F71F485001EE351 /* LaunchScreen.storyboard */ = {
			isa = PBXVariantGroup;
			children = (
				4C4BBEED1F71F485001EE351 /* Base */,
			);
			name = LaunchScreen.storyboard;
			sourceTree = "<group>";
		};
/* End PBXVariantGroup section */

/* Begin XCBuildConfiguration section */
		4C4BBEF01F71F485001EE351 /* Debug */ = {
			isa = XCBuildConfiguration;
			buildSettings = {
				ALWAYS_SEARCH_USER_PATHS = NO;
				CLANG_ANALYZER_NONNULL = YES;
				CLANG_ANALYZER_NUMBER_OBJECT_CONVERSION = YES_AGGRESSIVE;
				CLANG_CXX_LANGUAGE_STANDARD = "gnu++14";
				CLANG_CXX_LIBRARY = "libc++";
				CLANG_ENABLE_MODULES = YES;
				CLANG_ENABLE_OBJC_ARC = YES;
				CLANG_WARN_BLOCK_CAPTURE_AUTORELEASING = YES;
				CLANG_WARN_BOOL_CONVERSION = YES;
				CLANG_WARN_COMMA = YES;
				CLANG_WARN_CONSTANT_CONVERSION = YES;
				CLANG_WARN_DIRECT_OBJC_ISA_USAGE = YES_ERROR;
				CLANG_WARN_DOCUMENTATION_COMMENTS = YES;
				CLANG_WARN_EMPTY_BODY = YES;
				CLANG_WARN_ENUM_CONVERSION = YES;
				CLANG_WARN_INFINITE_RECURSION = YES;
				CLANG_WARN_INT_CONVERSION = YES;
				CLANG_WARN_NON_LITERAL_NULL_CONVERSION = YES;
				CLANG_WARN_OBJC_LITERAL_CONVERSION = YES;
				CLANG_WARN_OBJC_ROOT_CLASS = YES_ERROR;
				CLANG_WARN_RANGE_LOOP_ANALYSIS = YES;
				CLANG_WARN_STRICT_PROTOTYPES = YES;
				CLANG_WARN_SUSPICIOUS_MOVE = YES;
				CLANG_WARN_UNGUARDED_AVAILABILITY = YES_AGGRESSIVE;
				CLANG_WARN_UNREACHABLE_CODE = YES;
				CLANG_WARN__DUPLICATE_METHOD_MATCH = YES;
				CODE_SIGN_IDENTITY = "iPhone Developer";
				COPY_PHASE_STRIP = NO;
				DEBUG_INFORMATION_FORMAT = dwarf;
				ENABLE_STRICT_OBJC_MSGSEND = YES;
				ENABLE_TESTABILITY = YES;
				GCC_C_LANGUAGE_STANDARD = gnu11;
				GCC_DYNAMIC_NO_PIC = NO;
				GCC_NO_COMMON_BLOCKS = YES;
				GCC_OPTIMIZATION_LEVEL = 0;
				GCC_PREPROCESSOR_DEFINITIONS = (
					"DEBUG=1",
					"$(inherited)",
				);
				GCC_WARN_64_TO_32_BIT_CONVERSION = YES;
				GCC_WARN_ABOUT_RETURN_TYPE = YES_ERROR;
				GCC_WARN_UNDECLARED_SELECTOR = YES;
				GCC_WARN_UNINITIALIZED_AUTOS = YES_AGGRESSIVE;
				GCC_WARN_UNUSED_FUNCTION = YES;
				GCC_WARN_UNUSED_VARIABLE = YES;
				IPHONEOS_DEPLOYMENT_TARGET = 11.0;
				MTL_ENABLE_DEBUG_INFO = YES;
				ONLY_ACTIVE_ARCH = YES;
				SDKROOT = iphoneos;
				SWIFT_ACTIVE_COMPILATION_CONDITIONS = DEBUG;
				SWIFT_OPTIMIZATION_LEVEL = "-Onone";
			};
			name = Debug;
		};
		4C4BBEF11F71F485001EE351 /* Release */ = {
			isa = XCBuildConfiguration;
			buildSettings = {
				ALWAYS_SEARCH_USER_PATHS = NO;
				CLANG_ANALYZER_NONNULL = YES;
				CLANG_ANALYZER_NUMBER_OBJECT_CONVERSION = YES_AGGRESSIVE;
				CLANG_CXX_LANGUAGE_STANDARD = "gnu++14";
				CLANG_CXX_LIBRARY = "libc++";
				CLANG_ENABLE_MODULES = YES;
				CLANG_ENABLE_OBJC_ARC = YES;
				CLANG_WARN_BLOCK_CAPTURE_AUTORELEASING = YES;
				CLANG_WARN_BOOL_CONVERSION = YES;
				CLANG_WARN_COMMA = YES;
				CLANG_WARN_CONSTANT_CONVERSION = YES;
				CLANG_WARN_DIRECT_OBJC_ISA_USAGE = YES_ERROR;
				CLANG_WARN_DOCUMENTATION_COMMENTS = YES;
				CLANG_WARN_EMPTY_BODY = YES;
				CLANG_WARN_ENUM_CONVERSION = YES;
				CLANG_WARN_INFINITE_RECURSION = YES;
				CLANG_WARN_INT_CONVERSION = YES;
				CLANG_WARN_NON_LITERAL_NULL_CONVERSION = YES;
				CLANG_WARN_OBJC_LITERAL_CONVERSION = YES;
				CLANG_WARN_OBJC_ROOT_CLASS = YES_ERROR;
				CLANG_WARN_RANGE_LOOP_ANALYSIS = YES;
				CLANG_WARN_STRICT_PROTOTYPES = YES;
				CLANG_WARN_SUSPICIOUS_MOVE = YES;
				CLANG_WARN_UNGUARDED_AVAILABILITY = YES_AGGRESSIVE;
				CLANG_WARN_UNREACHABLE_CODE = YES;
				CLANG_WARN__DUPLICATE_METHOD_MATCH = YES;
				CODE_SIGN_IDENTITY = "iPhone Developer";
				COPY_PHASE_STRIP = NO;
				DEBUG_INFORMATION_FORMAT = "dwarf-with-dsym";
				ENABLE_NS_ASSERTIONS = NO;
				ENABLE_STRICT_OBJC_MSGSEND = YES;
				GCC_C_LANGUAGE_STANDARD = gnu11;
				GCC_NO_COMMON_BLOCKS = YES;
				GCC_WARN_64_TO_32_BIT_CONVERSION = YES;
				GCC_WARN_ABOUT_RETURN_TYPE = YES_ERROR;
				GCC_WARN_UNDECLARED_SELECTOR = YES;
				GCC_WARN_UNINITIALIZED_AUTOS = YES_AGGRESSIVE;
				GCC_WARN_UNUSED_FUNCTION = YES;
				GCC_WARN_UNUSED_VARIABLE = YES;
				IPHONEOS_DEPLOYMENT_TARGET = 11.0;
				MTL_ENABLE_DEBUG_INFO = NO;
				SDKROOT = iphoneos;
				SWIFT_OPTIMIZATION_LEVEL = "-Owholemodule";
				VALIDATE_PRODUCT = YES;
			};
			name = Release;
		};
		4C4BBEF31F71F485001EE351 /* Debug */ = {
			isa = XCBuildConfiguration;
			baseConfigurationReference = 0D87B345C0A46C67908688FF /* Pods-XcodeNew.debug.xcconfig */;
			buildSettings = {
				ASSETCATALOG_COMPILER_APPICON_NAME = AppIcon;
				CODE_SIGN_STYLE = Automatic;
				DEVELOPMENT_TEAM = W632CJZ6Y5;
				INFOPLIST_FILE = XcodeNew/Info.plist;
				LD_RUNPATH_SEARCH_PATHS = "$(inherited) @executable_path/Frameworks";
				PRODUCT_BUNDLE_IDENTIFIER = NetworkingThuc.XcodeNew;
				PRODUCT_NAME = "$(TARGET_NAME)";
				SWIFT_VERSION = 4.0;
				TARGETED_DEVICE_FAMILY = "1,2";
			};
			name = Debug;
		};
		4C4BBEF41F71F485001EE351 /* Release */ = {
			isa = XCBuildConfiguration;
			baseConfigurationReference = 45BD7E08759385165AD3066C /* Pods-XcodeNew.release.xcconfig */;
			buildSettings = {
				ASSETCATALOG_COMPILER_APPICON_NAME = AppIcon;
				CODE_SIGN_STYLE = Automatic;
				DEVELOPMENT_TEAM = W632CJZ6Y5;
				INFOPLIST_FILE = XcodeNew/Info.plist;
				LD_RUNPATH_SEARCH_PATHS = "$(inherited) @executable_path/Frameworks";
				PRODUCT_BUNDLE_IDENTIFIER = NetworkingThuc.XcodeNew;
				PRODUCT_NAME = "$(TARGET_NAME)";
				SWIFT_VERSION = 4.0;
				TARGETED_DEVICE_FAMILY = "1,2";
			};
			name = Release;
		};
/* End XCBuildConfiguration section */

/* Begin XCConfigurationList section */
		4C4BBEDB1F71F485001EE351 /* Build configuration list for PBXProject "XcodeNew" */ = {
			isa = XCConfigurationList;
			buildConfigurations = (
				4C4BBEF01F71F485001EE351 /* Debug */,
				4C4BBEF11F71F485001EE351 /* Release */,
			);
			defaultConfigurationIsVisible = 0;
			defaultConfigurationName = Release;
		};
		4C4BBEF21F71F485001EE351 /* Build configuration list for PBXNativeTarget "XcodeNew" */ = {
			isa = XCConfigurationList;
			buildConfigurations = (
				4C4BBEF31F71F485001EE351 /* Debug */,
				4C4BBEF41F71F485001EE351 /* Release */,
			);
			defaultConfigurationIsVisible = 0;
			defaultConfigurationName = Release;
		};
/* End XCConfigurationList section */
	};
	rootObject = 4C4BBED81F71F485001EE351 /* Project object */;
}
